
Microsoft Visual Studio Solution File, Format Version 12.00
# Visual Studio Version 17
VisualStudioVersion = 17.11.35303.130
MinimumVisualStudioVersion = 10.0.40219.1
Project("{9A19103F-16F7-4668-BE54-9A1E7A4F7556}") = "PizzaConsole_5", "PizzaConsole_5\PizzaConsole_5.csproj", "{8993053A-4B4A-48FE-80D1-273A32E67A56}"
EndProject
Project("{FAE04EC0-301F-11D3-BF4B-00C04F79EFBC}") = "TestProject", "TestProject\TestProject.csproj", "{AF3669BB-5451-498D-A673-5B498393EECD}"
EndProject
Global
	GlobalSection(SolutionConfigurationPlatforms) = preSolution
		Debug|Any CPU = Debug|Any CPU
		Release|Any CPU = Release|Any CPU
	EndGlobalSection
	GlobalSection(ProjectConfigurationPlatforms) = postSolution
		{8993053A-4B4A-48FE-80D1-273A32E67A56}.Debug|Any CPU.ActiveCfg = Debug|Any CPU
		{8993053A-4B4A-48FE-80D1-273A32E67A56}.Debug|Any CPU.Build.0 = Debug|Any CPU
		{8993053A-4B4A-48FE-80D1-273A32E67A56}.Release|Any CPU.ActiveCfg = Release|Any CPU
		{8993053A-4B4A-48FE-80D1-273A32E67A56}.Release|Any CPU.Build.0 = Release|Any CPU
		{AF3669BB-5451-498D-A673-5B498393EECD}.Debug|Any CPU.ActiveCfg = Debug|Any CPU
		{AF3669BB-5451-498D-A673-5B498393EECD}.Debug|Any CPU.Build.0 = Debug|Any CPU
		{AF3669BB-5451-498D-A673-5B498393EECD}.Release|Any CPU.ActiveCfg = Release|Any CPU
		{AF3669BB-5451-498D-A673-5B498393EECD}.Release|Any CPU.Build.0 = Release|Any CPU
	EndGlobalSection
	GlobalSection(SolutionProperties) = preSolution
		HideSolutionNode = FALSE
	EndGlobalSection
	GlobalSection(ExtensibilityGlobals) = postSolution
		SolutionGuid = {FD227E3B-49AC-4BD3-9C47-662A0FC3B462}
	EndGlobalSection
EndGlobal
